
Microsoft Visual Studio Solution File, Format Version 12.00
# Visual Studio Version 16
VisualStudioVersion = 16.0.31005.135
MinimumVisualStudioVersion = 10.0.40219.1
Project("{FAE04EC0-301F-11D3-BF4B-00C04F79EFBC}") = "Btth", "Btth.csproj", "{22072C78-FCA0-4599-BCAE-8C662AE2BECC}"
EndProject
Global
	GlobalSection(SolutionConfigurationPlatforms) = preSolution
		Debug|Any CPU = Debug|Any CPU
		Release|Any CPU = Release|Any CPU
	EndGlobalSection
	GlobalSection(ProjectConfigurationPlatforms) = postSolution
		{22072C78-FCA0-4599-BCAE-8C662AE2BECC}.Debug|Any CPU.ActiveCfg = Debug|Any CPU
		{22072C78-FCA0-4599-BCAE-8C662AE2BECC}.Debug|Any CPU.Build.0 = Debug|Any CPU
		{22072C78-FCA0-4599-BCAE-8C662AE2BECC}.Release|Any CPU.ActiveCfg = Release|Any CPU
		{22072C78-FCA0-4599-BCAE-8C662AE2BECC}.Release|Any CPU.Build.0 = Release|Any CPU
	EndGlobalSection
	GlobalSection(SolutionProperties) = preSolution
		HideSolutionNode = FALSE
	EndGlobalSection
	GlobalSection(ExtensibilityGlobals) = postSolution
		SolutionGuid = {321CEE48-A35E-4E7D-A282-2A57EB994982}
	EndGlobalSection
EndGlobal
